
Microsoft Visual Studio Solution File, Format Version 12.00
# Visual Studio Version 16
VisualStudioVersion = 16.0.30621.155
MinimumVisualStudioVersion = 10.0.40219.1
Project("{FAE04EC0-301F-11D3-BF4B-00C04F79EFBC}") = "news-API", "news-API\news-API.csproj", "{C5F39C8D-CE17-4865-8021-CAD6C0B8CAB8}"
EndProject
Project("{FAE04EC0-301F-11D3-BF4B-00C04F79EFBC}") = "news.Infrastructure", "news.Infrastructure\news.Infrastructure.csproj", "{043E30B9-6EA4-4A11-BE63-6692B05E5295}"
EndProject
Project("{FAE04EC0-301F-11D3-BF4B-00C04F79EFBC}") = "news.Application", "news.Application\news.Application.csproj", "{AEA0086A-FCCC-4B32-AF16-C8CF8D837E18}"
EndProject
Global
	GlobalSection(SolutionConfigurationPlatforms) = preSolution
		Debug|Any CPU = Debug|Any CPU
		Release|Any CPU = Release|Any CPU
	EndGlobalSection
	GlobalSection(ProjectConfigurationPlatforms) = postSolution
		{C5F39C8D-CE17-4865-8021-CAD6C0B8CAB8}.Debug|Any CPU.ActiveCfg = Debug|Any CPU
		{C5F39C8D-CE17-4865-8021-CAD6C0B8CAB8}.Debug|Any CPU.Build.0 = Debug|Any CPU
		{C5F39C8D-CE17-4865-8021-CAD6C0B8CAB8}.Release|Any CPU.ActiveCfg = Release|Any CPU
		{C5F39C8D-CE17-4865-8021-CAD6C0B8CAB8}.Release|Any CPU.Build.0 = Release|Any CPU
		{043E30B9-6EA4-4A11-BE63-6692B05E5295}.Debug|Any CPU.ActiveCfg = Debug|Any CPU
		{043E30B9-6EA4-4A11-BE63-6692B05E5295}.Debug|Any CPU.Build.0 = Debug|Any CPU
		{043E30B9-6EA4-4A11-BE63-6692B05E5295}.Release|Any CPU.ActiveCfg = Release|Any CPU
		{043E30B9-6EA4-4A11-BE63-6692B05E5295}.Release|Any CPU.Build.0 = Release|Any CPU
		{AEA0086A-FCCC-4B32-AF16-C8CF8D837E18}.Debug|Any CPU.ActiveCfg = Debug|Any CPU
		{AEA0086A-FCCC-4B32-AF16-C8CF8D837E18}.Debug|Any CPU.Build.0 = Debug|Any CPU
		{AEA0086A-FCCC-4B32-AF16-C8CF8D837E18}.Release|Any CPU.ActiveCfg = Release|Any CPU
		{AEA0086A-FCCC-4B32-AF16-C8CF8D837E18}.Release|Any CPU.Build.0 = Release|Any CPU
	EndGlobalSection
	GlobalSection(SolutionProperties) = preSolution
		HideSolutionNode = FALSE
	EndGlobalSection
	GlobalSection(ExtensibilityGlobals) = postSolution
		SolutionGuid = {028656DC-6C74-4652-9F87-BE12F89D8D7C}
	EndGlobalSection
EndGlobal
